
Microsoft Visual Studio Solution File, Format Version 12.00
# Visual Studio Version 16
VisualStudioVersion = 16.0.30406.217
MinimumVisualStudioVersion = 10.0.40219.1
Project("{9A19103F-16F7-4668-BE54-9A1E7A4F7556}") = "BlazorExample", "BlazorExample\BlazorExample.csproj", "{040C15FC-3CB0-466B-A992-B935AA24A9CD}"
EndProject
Project("{9A19103F-16F7-4668-BE54-9A1E7A4F7556}") = "Organize.WASM", "Organize.WASM\Organize.WASM.csproj", "{FD9651BF-DDBA-46B3-BEE7-009C235C3C87}"
EndProject
Project("{9A19103F-16F7-4668-BE54-9A1E7A4F7556}") = "Organize.Business", "Organize.Business\Organize.Business.csproj", "{D26F9FA7-4291-4112-B34B-8F8E03B722FD}"
EndProject
Project("{9A19103F-16F7-4668-BE54-9A1E7A4F7556}") = "Organize.DataAccess", "Organize.DataAccess\Organize.DataAccess.csproj", "{DC36CE9A-5CCB-437A-987C-245F36B42EAF}"
EndProject
Project("{9A19103F-16F7-4668-BE54-9A1E7A4F7556}") = "Organize.Shared", "Organize.Shared\Organize.Shared.csproj", "{B237B167-2C18-4783-BEE7-C23F7623D90F}"
EndProject
Project("{9A19103F-16F7-4668-BE54-9A1E7A4F7556}") = "GeneralUI", "GeneralUI\GeneralUI.csproj", "{FA84DCBC-A859-4522-969C-5410B2C277FC}"
EndProject
Project("{9A19103F-16F7-4668-BE54-9A1E7A4F7556}") = "Organize.TestFake", "Organize.TestFake\Organize.TestFake.csproj", "{19ECBE23-B785-4188-A787-3D49A71E1742}"
EndProject
Global
	GlobalSection(SolutionConfigurationPlatforms) = preSolution
		Debug|Any CPU = Debug|Any CPU
		Release|Any CPU = Release|Any CPU
	EndGlobalSection
	GlobalSection(ProjectConfigurationPlatforms) = postSolution
		{040C15FC-3CB0-466B-A992-B935AA24A9CD}.Debug|Any CPU.ActiveCfg = Debug|Any CPU
		{040C15FC-3CB0-466B-A992-B935AA24A9CD}.Debug|Any CPU.Build.0 = Debug|Any CPU
		{040C15FC-3CB0-466B-A992-B935AA24A9CD}.Release|Any CPU.ActiveCfg = Release|Any CPU
		{040C15FC-3CB0-466B-A992-B935AA24A9CD}.Release|Any CPU.Build.0 = Release|Any CPU
		{FD9651BF-DDBA-46B3-BEE7-009C235C3C87}.Debug|Any CPU.ActiveCfg = Debug|Any CPU
		{FD9651BF-DDBA-46B3-BEE7-009C235C3C87}.Debug|Any CPU.Build.0 = Debug|Any CPU
		{FD9651BF-DDBA-46B3-BEE7-009C235C3C87}.Release|Any CPU.ActiveCfg = Release|Any CPU
		{FD9651BF-DDBA-46B3-BEE7-009C235C3C87}.Release|Any CPU.Build.0 = Release|Any CPU
		{D26F9FA7-4291-4112-B34B-8F8E03B722FD}.Debug|Any CPU.ActiveCfg = Debug|Any CPU
		{D26F9FA7-4291-4112-B34B-8F8E03B722FD}.Debug|Any CPU.Build.0 = Debug|Any CPU
		{D26F9FA7-4291-4112-B34B-8F8E03B722FD}.Release|Any CPU.ActiveCfg = Release|Any CPU
		{D26F9FA7-4291-4112-B34B-8F8E03B722FD}.Release|Any CPU.Build.0 = Release|Any CPU
		{DC36CE9A-5CCB-437A-987C-245F36B42EAF}.Debug|Any CPU.ActiveCfg = Debug|Any CPU
		{DC36CE9A-5CCB-437A-987C-245F36B42EAF}.Debug|Any CPU.Build.0 = Debug|Any CPU
		{DC36CE9A-5CCB-437A-987C-245F36B42EAF}.Release|Any CPU.ActiveCfg = Release|Any CPU
		{DC36CE9A-5CCB-437A-987C-245F36B42EAF}.Release|Any CPU.Build.0 = Release|Any CPU
		{B237B167-2C18-4783-BEE7-C23F7623D90F}.Debug|Any CPU.ActiveCfg = Debug|Any CPU
		{B237B167-2C18-4783-BEE7-C23F7623D90F}.Debug|Any CPU.Build.0 = Debug|Any CPU
		{B237B167-2C18-4783-BEE7-C23F7623D90F}.Release|Any CPU.ActiveCfg = Release|Any CPU
		{B237B167-2C18-4783-BEE7-C23F7623D90F}.Release|Any CPU.Build.0 = Release|Any CPU
		{FA84DCBC-A859-4522-969C-5410B2C277FC}.Debug|Any CPU.ActiveCfg = Debug|Any CPU
		{FA84DCBC-A859-4522-969C-5410B2C277FC}.Debug|Any CPU.Build.0 = Debug|Any CPU
		{FA84DCBC-A859-4522-969C-5410B2C277FC}.Release|Any CPU.ActiveCfg = Release|Any CPU
		{FA84DCBC-A859-4522-969C-5410B2C277FC}.Release|Any CPU.Build.0 = Release|Any CPU
		{19ECBE23-B785-4188-A787-3D49A71E1742}.Debug|Any CPU.ActiveCfg = Debug|Any CPU
		{19ECBE23-B785-4188-A787-3D49A71E1742}.Debug|Any CPU.Build.0 = Debug|Any CPU
		{19ECBE23-B785-4188-A787-3D49A71E1742}.Release|Any CPU.ActiveCfg = Release|Any CPU
		{19ECBE23-B785-4188-A787-3D49A71E1742}.Release|Any CPU.Build.0 = Release|Any CPU
	EndGlobalSection
	GlobalSection(SolutionProperties) = preSolution
		HideSolutionNode = FALSE
	EndGlobalSection
	GlobalSection(ExtensibilityGlobals) = postSolution
		SolutionGuid = {36BF72E6-DA69-4B38-BDF4-1CB299181EA8}
	EndGlobalSection
EndGlobal
